// !$*UTF8*$!
{
	archiveVersion = 1;
	classes = {
	};
	objectVersion = 56;
	objects = {

/* Begin PBXBuildFile section */
		1027F06B2C998FEA00CFD3BF /* NowShowingMovie.swift in Sources */ = {isa = PBXBuildFile; fileRef = 1027F06A2C998FEA00CFD3BF /* NowShowingMovie.swift */; };
		1027F06D2C99901A00CFD3BF /* PopularMovie.swift in Sources */ = {isa = PBXBuildFile; fileRef = 1027F06C2C99901A00CFD3BF /* PopularMovie.swift */; };
		1027F06F2C9AE78600CFD3BF /* MainScreenInteractor.swift in Sources */ = {isa = PBXBuildFile; fileRef = 1027F06E2C9AE78600CFD3BF /* MainScreenInteractor.swift */; };
		1027F0712C9C10B300CFD3BF /* DetailsScreenInteractor.swift in Sources */ = {isa = PBXBuildFile; fileRef = 1027F0702C9C10B300CFD3BF /* DetailsScreenInteractor.swift */; };
		1027F0732C9C15B500CFD3BF /* ApiManager+MainScreen.swift in Sources */ = {isa = PBXBuildFile; fileRef = 1027F0722C9C15B500CFD3BF /* ApiManager+MainScreen.swift */; };
		1027F0752C9C1E0000CFD3BF /* ApiManager+DetailsScreen.swift in Sources */ = {isa = PBXBuildFile; fileRef = 1027F0742C9C1E0000CFD3BF /* ApiManager+DetailsScreen.swift */; };
		1027F0772C9C368300CFD3BF /* Data+Json.swift in Sources */ = {isa = PBXBuildFile; fileRef = 1027F0762C9C368300CFD3BF /* Data+Json.swift */; };
		1049137F2C6E26A800806984 /* MainViewController.xib in Resources */ = {isa = PBXBuildFile; fileRef = 1049137E2C6E26A800806984 /* MainViewController.xib */; };
		104913812C6E28DF00806984 /* MainViewController.swift in Sources */ = {isa = PBXBuildFile; fileRef = 104913802C6E28DF00806984 /* MainViewController.swift */; };
		104913852C6E2AC300806984 /* HeaderView.swift in Sources */ = {isa = PBXBuildFile; fileRef = 104913842C6E2AC300806984 /* HeaderView.swift */; };
		104913872C6E885200806984 /* TicketsViewController.swift in Sources */ = {isa = PBXBuildFile; fileRef = 104913862C6E885200806984 /* TicketsViewController.swift */; };
		104913892C6E88E800806984 /* FavouritesViewController.swift in Sources */ = {isa = PBXBuildFile; fileRef = 104913882C6E88E800806984 /* FavouritesViewController.swift */; };
		1049138B2C6E8A5200806984 /* NavigationViewController.swift in Sources */ = {isa = PBXBuildFile; fileRef = 1049138A2C6E8A5200806984 /* NavigationViewController.swift */; };
		1049138D2C6E8C1000806984 /* FavouritesViewController.xib in Resources */ = {isa = PBXBuildFile; fileRef = 1049138C2C6E8C1000806984 /* FavouritesViewController.xib */; };
		1049138F2C6E8C9000806984 /* TicketsViewController.xib in Resources */ = {isa = PBXBuildFile; fileRef = 1049138E2C6E8C9000806984 /* TicketsViewController.xib */; };
		104913912C6E90B400806984 /* NavigationViewController.xib in Resources */ = {isa = PBXBuildFile; fileRef = 104913902C6E90B400806984 /* NavigationViewController.xib */; };
		104913922C6E93D800806984 /* MainViewController.xib in Resources */ = {isa = PBXBuildFile; fileRef = 1049137E2C6E26A800806984 /* MainViewController.xib */; };
		104913932C6E93D900806984 /* MainViewController.xib in Resources */ = {isa = PBXBuildFile; fileRef = 1049137E2C6E26A800806984 /* MainViewController.xib */; };
		106A3E8D2C8F236D00CBC9C7 /* UIView+Extension.swift in Sources */ = {isa = PBXBuildFile; fileRef = 106A3E8C2C8F236D00CBC9C7 /* UIView+Extension.swift */; };
		1082D2E72C905CE700AFE6A6 /* APIManager.swift in Sources */ = {isa = PBXBuildFile; fileRef = 1082D2E62C905CE700AFE6A6 /* APIManager.swift */; };
		1082D2E92C908A3A00AFE6A6 /* NetworkingError.swift in Sources */ = {isa = PBXBuildFile; fileRef = 1082D2E82C908A3A00AFE6A6 /* NetworkingError.swift */; };
		10B286FE2C6EAA9800171033 /* HeaderView.xib in Resources */ = {isa = PBXBuildFile; fileRef = 10B286FD2C6EAA9800171033 /* HeaderView.xib */; };
		10B7F2162C73584000A34C46 /* NowShowingCollectionViewCell.xib in Resources */ = {isa = PBXBuildFile; fileRef = 10B7F2152C73584000A34C46 /* NowShowingCollectionViewCell.xib */; };
		10B7F2172C73584000A34C46 /* NowShowingCollectionViewCell.swift in Sources */ = {isa = PBXBuildFile; fileRef = 10B7F2142C73584000A34C46 /* NowShowingCollectionViewCell.swift */; };
		10B7F21A2C7392C400A34C46 /* PopularTableViewCell.xib in Resources */ = {isa = PBXBuildFile; fileRef = 10B7F2192C7392C400A34C46 /* PopularTableViewCell.xib */; };
		10B7F21B2C7392C400A34C46 /* PopularTableViewCell.swift in Sources */ = {isa = PBXBuildFile; fileRef = 10B7F2182C7392C400A34C46 /* PopularTableViewCell.swift */; };
		10B7F21E2C74B69C00A34C46 /* GenreCollectionViewCell.swift in Sources */ = {isa = PBXBuildFile; fileRef = 10B7F21C2C74B69C00A34C46 /* GenreCollectionViewCell.swift */; };
		10B7F21F2C74B69C00A34C46 /* GenreCollectionViewCell.xib in Resources */ = {isa = PBXBuildFile; fileRef = 10B7F21D2C74B69C00A34C46 /* GenreCollectionViewCell.xib */; };
		10B7F2332C7601F900A34C46 /* AppCoordinator.swift in Sources */ = {isa = PBXBuildFile; fileRef = 10B7F2322C7601F900A34C46 /* AppCoordinator.swift */; };
		10B7F2352C76022A00A34C46 /* HomeScreenCoordinator.swift in Sources */ = {isa = PBXBuildFile; fileRef = 10B7F2342C76022A00A34C46 /* HomeScreenCoordinator.swift */; };
		10B7F2372C7608A300A34C46 /* CoordinatorProtocol.swift in Sources */ = {isa = PBXBuildFile; fileRef = 10B7F2362C7608A300A34C46 /* CoordinatorProtocol.swift */; };
		10B7F2392C76182300A34C46 /* DetailsViewController.swift in Sources */ = {isa = PBXBuildFile; fileRef = 10B7F2382C76182300A34C46 /* DetailsViewController.swift */; };
		10B7F23E2C775F1F00A34C46 /* UIView+Nib.swift in Sources */ = {isa = PBXBuildFile; fileRef = 10B7F23D2C775F1F00A34C46 /* UIView+Nib.swift */; };
		10B7F2412C7760CA00A34C46 /* UITableViewCell+Identifier.swift in Sources */ = {isa = PBXBuildFile; fileRef = 10B7F2402C7760CA00A34C46 /* UITableViewCell+Identifier.swift */; };
		10B7F2432C7760D400A34C46 /* UICollectionViewCell+Identifier.swift in Sources */ = {isa = PBXBuildFile; fileRef = 10B7F2422C7760D400A34C46 /* UICollectionViewCell+Identifier.swift */; };
		10B7F2452C77615200A34C46 /* LeftAlignedCollectionViewFlowLayout.swift in Sources */ = {isa = PBXBuildFile; fileRef = 10B7F2442C77615200A34C46 /* LeftAlignedCollectionViewFlowLayout.swift */; };
		10B7F2472C77864800A34C46 /* MainScreenViewModel.swift in Sources */ = {isa = PBXBuildFile; fileRef = 10B7F2462C77864800A34C46 /* MainScreenViewModel.swift */; };
		10B9BB8D2C6BA2E700224B55 /* AppDelegate.swift in Sources */ = {isa = PBXBuildFile; fileRef = 10B9BB8C2C6BA2E700224B55 /* AppDelegate.swift */; };
		10B9BB962C6BA2E900224B55 /* Assets.xcassets in Resources */ = {isa = PBXBuildFile; fileRef = 10B9BB952C6BA2E900224B55 /* Assets.xcassets */; };
		10B9BB992C6BA2E900224B55 /* Base in Resources */ = {isa = PBXBuildFile; fileRef = 10B9BB982C6BA2E900224B55 /* Base */; };
		10B9BBA42C6BA2E900224B55 /* KinoTests.swift in Sources */ = {isa = PBXBuildFile; fileRef = 10B9BBA32C6BA2E900224B55 /* KinoTests.swift */; };
		10B9BBAE2C6BA2E900224B55 /* KinoUITests.swift in Sources */ = {isa = PBXBuildFile; fileRef = 10B9BBAD2C6BA2E900224B55 /* KinoUITests.swift */; };
		10B9BBB02C6BA2E900224B55 /* KinoUITestsLaunchTests.swift in Sources */ = {isa = PBXBuildFile; fileRef = 10B9BBAF2C6BA2E900224B55 /* KinoUITestsLaunchTests.swift */; };
		10C712602C7DE4AD001405EF /* DetailsViewModel.swift in Sources */ = {isa = PBXBuildFile; fileRef = 10C7125F2C7DE4AD001405EF /* DetailsViewModel.swift */; };
		10C712622C7DE7BB001405EF /* MovieDetailedInfo.swift in Sources */ = {isa = PBXBuildFile; fileRef = 10C712612C7DE7BB001405EF /* MovieDetailedInfo.swift */; };
		10C712642C7DE7DE001405EF /* Actor.swift in Sources */ = {isa = PBXBuildFile; fileRef = 10C712632C7DE7DE001405EF /* Actor.swift */; };
		10C712682C8B2F73001405EF /* ActorCollectionViewCell.swift in Sources */ = {isa = PBXBuildFile; fileRef = 10C712672C8B2F73001405EF /* ActorCollectionViewCell.swift */; };
/* End PBXBuildFile section */

/* Begin PBXContainerItemProxy section */
		10B9BBA02C6BA2E900224B55 /* PBXContainerItemProxy */ = {
			isa = PBXContainerItemProxy;
			containerPortal = 10B9BB812C6BA2E700224B55 /* Project object */;
			proxyType = 1;
			remoteGlobalIDString = 10B9BB882C6BA2E700224B55;
			remoteInfo = Kino;
		};
		10B9BBAA2C6BA2E900224B55 /* PBXContainerItemProxy */ = {
			isa = PBXContainerItemProxy;
			containerPortal = 10B9BB812C6BA2E700224B55 /* Project object */;
			proxyType = 1;
			remoteGlobalIDString = 10B9BB882C6BA2E700224B55;
			remoteInfo = Kino;
		};
/* End PBXContainerItemProxy section */

/* Begin PBXFileReference section */
		1027F06A2C998FEA00CFD3BF /* NowShowingMovie.swift */ = {isa = PBXFileReference; lastKnownFileType = sourcecode.swift; path = NowShowingMovie.swift; sourceTree = "<group>"; };
		1027F06C2C99901A00CFD3BF /* PopularMovie.swift */ = {isa = PBXFileReference; lastKnownFileType = sourcecode.swift; path = PopularMovie.swift; sourceTree = "<group>"; };
		1027F06E2C9AE78600CFD3BF /* MainScreenInteractor.swift */ = {isa = PBXFileReference; lastKnownFileType = sourcecode.swift; path = MainScreenInteractor.swift; sourceTree = "<group>"; };
		1027F0702C9C10B300CFD3BF /* DetailsScreenInteractor.swift */ = {isa = PBXFileReference; lastKnownFileType = sourcecode.swift; path = DetailsScreenInteractor.swift; sourceTree = "<group>"; };
		1027F0722C9C15B500CFD3BF /* ApiManager+MainScreen.swift */ = {isa = PBXFileReference; lastKnownFileType = sourcecode.swift; path = "ApiManager+MainScreen.swift"; sourceTree = "<group>"; };
		1027F0742C9C1E0000CFD3BF /* ApiManager+DetailsScreen.swift */ = {isa = PBXFileReference; lastKnownFileType = sourcecode.swift; path = "ApiManager+DetailsScreen.swift"; sourceTree = "<group>"; };
		1027F0762C9C368300CFD3BF /* Data+Json.swift */ = {isa = PBXFileReference; lastKnownFileType = sourcecode.swift; path = "Data+Json.swift"; sourceTree = "<group>"; };
		1049137E2C6E26A800806984 /* MainViewController.xib */ = {isa = PBXFileReference; lastKnownFileType = file.xib; path = MainViewController.xib; sourceTree = "<group>"; };
		104913802C6E28DF00806984 /* MainViewController.swift */ = {isa = PBXFileReference; lastKnownFileType = sourcecode.swift; path = MainViewController.swift; sourceTree = "<group>"; };
		104913842C6E2AC300806984 /* HeaderView.swift */ = {isa = PBXFileReference; lastKnownFileType = sourcecode.swift; path = HeaderView.swift; sourceTree = "<group>"; };
		104913862C6E885200806984 /* TicketsViewController.swift */ = {isa = PBXFileReference; lastKnownFileType = sourcecode.swift; path = TicketsViewController.swift; sourceTree = "<group>"; };
		104913882C6E88E800806984 /* FavouritesViewController.swift */ = {isa = PBXFileReference; lastKnownFileType = sourcecode.swift; path = FavouritesViewController.swift; sourceTree = "<group>"; };
		1049138A2C6E8A5200806984 /* NavigationViewController.swift */ = {isa = PBXFileReference; lastKnownFileType = sourcecode.swift; path = NavigationViewController.swift; sourceTree = "<group>"; };
		1049138C2C6E8C1000806984 /* FavouritesViewController.xib */ = {isa = PBXFileReference; lastKnownFileType = file.xib; path = FavouritesViewController.xib; sourceTree = "<group>"; };
		1049138E2C6E8C9000806984 /* TicketsViewController.xib */ = {isa = PBXFileReference; lastKnownFileType = file.xib; path = TicketsViewController.xib; sourceTree = "<group>"; };
		104913902C6E90B400806984 /* NavigationViewController.xib */ = {isa = PBXFileReference; lastKnownFileType = file.xib; path = NavigationViewController.xib; sourceTree = "<group>"; };
		106A3E8C2C8F236D00CBC9C7 /* UIView+Extension.swift */ = {isa = PBXFileReference; lastKnownFileType = sourcecode.swift; path = "UIView+Extension.swift"; sourceTree = "<group>"; };
		1082D2E62C905CE700AFE6A6 /* APIManager.swift */ = {isa = PBXFileReference; lastKnownFileType = sourcecode.swift; path = APIManager.swift; sourceTree = "<group>"; };
		1082D2E82C908A3A00AFE6A6 /* NetworkingError.swift */ = {isa = PBXFileReference; lastKnownFileType = sourcecode.swift; path = NetworkingError.swift; sourceTree = "<group>"; };
		10B286FD2C6EAA9800171033 /* HeaderView.xib */ = {isa = PBXFileReference; lastKnownFileType = file.xib; path = HeaderView.xib; sourceTree = "<group>"; };
		10B7F2142C73584000A34C46 /* NowShowingCollectionViewCell.swift */ = {isa = PBXFileReference; lastKnownFileType = sourcecode.swift; path = NowShowingCollectionViewCell.swift; sourceTree = "<group>"; };
		10B7F2152C73584000A34C46 /* NowShowingCollectionViewCell.xib */ = {isa = PBXFileReference; lastKnownFileType = file.xib; path = NowShowingCollectionViewCell.xib; sourceTree = "<group>"; };
		10B7F2182C7392C400A34C46 /* PopularTableViewCell.swift */ = {isa = PBXFileReference; lastKnownFileType = sourcecode.swift; path = PopularTableViewCell.swift; sourceTree = "<group>"; };
		10B7F2192C7392C400A34C46 /* PopularTableViewCell.xib */ = {isa = PBXFileReference; lastKnownFileType = file.xib; path = PopularTableViewCell.xib; sourceTree = "<group>"; };
		10B7F21C2C74B69C00A34C46 /* GenreCollectionViewCell.swift */ = {isa = PBXFileReference; lastKnownFileType = sourcecode.swift; path = GenreCollectionViewCell.swift; sourceTree = "<group>"; };
		10B7F21D2C74B69C00A34C46 /* GenreCollectionViewCell.xib */ = {isa = PBXFileReference; lastKnownFileType = file.xib; path = GenreCollectionViewCell.xib; sourceTree = "<group>"; };
		10B7F2322C7601F900A34C46 /* AppCoordinator.swift */ = {isa = PBXFileReference; lastKnownFileType = sourcecode.swift; path = AppCoordinator.swift; sourceTree = "<group>"; };
		10B7F2342C76022A00A34C46 /* HomeScreenCoordinator.swift */ = {isa = PBXFileReference; lastKnownFileType = sourcecode.swift; path = HomeScreenCoordinator.swift; sourceTree = "<group>"; };
		10B7F2362C7608A300A34C46 /* CoordinatorProtocol.swift */ = {isa = PBXFileReference; lastKnownFileType = sourcecode.swift; path = CoordinatorProtocol.swift; sourceTree = "<group>"; };
		10B7F2382C76182300A34C46 /* DetailsViewController.swift */ = {isa = PBXFileReference; lastKnownFileType = sourcecode.swift; path = DetailsViewController.swift; sourceTree = "<group>"; };
		10B7F23D2C775F1F00A34C46 /* UIView+Nib.swift */ = {isa = PBXFileReference; fileEncoding = 4; lastKnownFileType = sourcecode.swift; path = "UIView+Nib.swift"; sourceTree = "<group>"; };
		10B7F2402C7760CA00A34C46 /* UITableViewCell+Identifier.swift */ = {isa = PBXFileReference; lastKnownFileType = sourcecode.swift; path = "UITableViewCell+Identifier.swift"; sourceTree = "<group>"; };
		10B7F2422C7760D400A34C46 /* UICollectionViewCell+Identifier.swift */ = {isa = PBXFileReference; lastKnownFileType = sourcecode.swift; path = "UICollectionViewCell+Identifier.swift"; sourceTree = "<group>"; };
		10B7F2442C77615200A34C46 /* LeftAlignedCollectionViewFlowLayout.swift */ = {isa = PBXFileReference; lastKnownFileType = sourcecode.swift; path = LeftAlignedCollectionViewFlowLayout.swift; sourceTree = "<group>"; };
		10B7F2462C77864800A34C46 /* MainScreenViewModel.swift */ = {isa = PBXFileReference; lastKnownFileType = sourcecode.swift; path = MainScreenViewModel.swift; sourceTree = "<group>"; };
		10B9BB892C6BA2E700224B55 /* Kino.app */ = {isa = PBXFileReference; explicitFileType = wrapper.application; includeInIndex = 0; path = Kino.app; sourceTree = BUILT_PRODUCTS_DIR; };
		10B9BB8C2C6BA2E700224B55 /* AppDelegate.swift */ = {isa = PBXFileReference; lastKnownFileType = sourcecode.swift; path = AppDelegate.swift; sourceTree = "<group>"; };
		10B9BB952C6BA2E900224B55 /* Assets.xcassets */ = {isa = PBXFileReference; lastKnownFileType = folder.assetcatalog; path = Assets.xcassets; sourceTree = "<group>"; };
		10B9BB982C6BA2E900224B55 /* Base */ = {isa = PBXFileReference; lastKnownFileType = file.storyboard; name = Base; path = Base.lproj/LaunchScreen.storyboard; sourceTree = "<group>"; };
		10B9BB9A2C6BA2E900224B55 /* Info.plist */ = {isa = PBXFileReference; lastKnownFileType = text.plist.xml; path = Info.plist; sourceTree = "<group>"; };
		10B9BB9F2C6BA2E900224B55 /* KinoTests.xctest */ = {isa = PBXFileReference; explicitFileType = wrapper.cfbundle; includeInIndex = 0; path = KinoTests.xctest; sourceTree = BUILT_PRODUCTS_DIR; };
		10B9BBA32C6BA2E900224B55 /* KinoTests.swift */ = {isa = PBXFileReference; lastKnownFileType = sourcecode.swift; path = KinoTests.swift; sourceTree = "<group>"; };
		10B9BBA92C6BA2E900224B55 /* KinoUITests.xctest */ = {isa = PBXFileReference; explicitFileType = wrapper.cfbundle; includeInIndex = 0; path = KinoUITests.xctest; sourceTree = BUILT_PRODUCTS_DIR; };
		10B9BBAD2C6BA2E900224B55 /* KinoUITests.swift */ = {isa = PBXFileReference; lastKnownFileType = sourcecode.swift; path = KinoUITests.swift; sourceTree = "<group>"; };
		10B9BBAF2C6BA2E900224B55 /* KinoUITestsLaunchTests.swift */ = {isa = PBXFileReference; lastKnownFileType = sourcecode.swift; path = KinoUITestsLaunchTests.swift; sourceTree = "<group>"; };
		10C7125F2C7DE4AD001405EF /* DetailsViewModel.swift */ = {isa = PBXFileReference; lastKnownFileType = sourcecode.swift; path = DetailsViewModel.swift; sourceTree = "<group>"; };
		10C712612C7DE7BB001405EF /* MovieDetailedInfo.swift */ = {isa = PBXFileReference; lastKnownFileType = sourcecode.swift; path = MovieDetailedInfo.swift; sourceTree = "<group>"; };
		10C712632C7DE7DE001405EF /* Actor.swift */ = {isa = PBXFileReference; lastKnownFileType = sourcecode.swift; path = Actor.swift; sourceTree = "<group>"; };
		10C712672C8B2F73001405EF /* ActorCollectionViewCell.swift */ = {isa = PBXFileReference; lastKnownFileType = sourcecode.swift; path = ActorCollectionViewCell.swift; sourceTree = "<group>"; };
/* End PBXFileReference section */

/* Begin PBXFrameworksBuildPhase section */
		10B9BB862C6BA2E700224B55 /* Frameworks */ = {
			isa = PBXFrameworksBuildPhase;
			buildActionMask = 2147483647;
			files = (
			);
			runOnlyForDeploymentPostprocessing = 0;
		};
		10B9BB9C2C6BA2E900224B55 /* Frameworks */ = {
			isa = PBXFrameworksBuildPhase;
			buildActionMask = 2147483647;
			files = (
			);
			runOnlyForDeploymentPostprocessing = 0;
		};
		10B9BBA62C6BA2E900224B55 /* Frameworks */ = {
			isa = PBXFrameworksBuildPhase;
			buildActionMask = 2147483647;
			files = (
			);
			runOnlyForDeploymentPostprocessing = 0;
		};
/* End PBXFrameworksBuildPhase section */

/* Begin PBXGroup section */
		104913772C6CF88700806984 /* MainScreen */ = {
			isa = PBXGroup;
			children = (
				1082D2E52C905CC200AFE6A6 /* Networking */,
				104913792C6CF8A500806984 /* Model */,
				104913782C6CF89900806984 /* View */,
				1049137A2C6CF8B500806984 /* ViewModel */,
			);
			path = MainScreen;
			sourceTree = "<group>";
		};
		104913782C6CF89900806984 /* View */ = {
			isa = PBXGroup;
			children = (
				10B7F23A2C76191E00A34C46 /* DetailsView */,
				10B7F2212C74B9E000A34C46 /* MainScreen */,
				10B7F2242C74BA8E00A34C46 /* FavouritesScreen */,
				10B7F2232C74BA5400A34C46 /* TicketScreen */,
				10B7F23F2C7760A300A34C46 /* Extensions */,
				10B7F2312C7601CA00A34C46 /* Coordinators */,
				10B7F2222C74BA2200A34C46 /* Common */,
			);
			path = View;
			sourceTree = "<group>";
		};
		104913792C6CF8A500806984 /* Model */ = {
			isa = PBXGroup;
			children = (
				1027F06C2C99901A00CFD3BF /* PopularMovie.swift */,
				1027F06A2C998FEA00CFD3BF /* NowShowingMovie.swift */,
			);
			path = Model;
			sourceTree = "<group>";
		};
		1049137A2C6CF8B500806984 /* ViewModel */ = {
			isa = PBXGroup;
			children = (
				10B7F2462C77864800A34C46 /* MainScreenViewModel.swift */,
				1027F06E2C9AE78600CFD3BF /* MainScreenInteractor.swift */,
			);
			path = ViewModel;
			sourceTree = "<group>";
		};
		1082D2E52C905CC200AFE6A6 /* Networking */ = {
			isa = PBXGroup;
			children = (
				1082D2E62C905CE700AFE6A6 /* APIManager.swift */,
				1027F0722C9C15B500CFD3BF /* ApiManager+MainScreen.swift */,
				1027F0742C9C1E0000CFD3BF /* ApiManager+DetailsScreen.swift */,
				1082D2E82C908A3A00AFE6A6 /* NetworkingError.swift */,
			);
			path = Networking;
			sourceTree = "<group>";
		};
		10B7F2202C74B99C00A34C46 /* Cells */ = {
			isa = PBXGroup;
			children = (
				10B7F2142C73584000A34C46 /* NowShowingCollectionViewCell.swift */,
				10B7F2152C73584000A34C46 /* NowShowingCollectionViewCell.xib */,
				10B7F2182C7392C400A34C46 /* PopularTableViewCell.swift */,
				10B7F2192C7392C400A34C46 /* PopularTableViewCell.xib */,
				10B7F21C2C74B69C00A34C46 /* GenreCollectionViewCell.swift */,
				10B7F21D2C74B69C00A34C46 /* GenreCollectionViewCell.xib */,
			);
			path = Cells;
			sourceTree = "<group>";
		};
		10B7F2212C74B9E000A34C46 /* MainScreen */ = {
			isa = PBXGroup;
			children = (
				104913802C6E28DF00806984 /* MainViewController.swift */,
				1049137E2C6E26A800806984 /* MainViewController.xib */,
				10B7F2202C74B99C00A34C46 /* Cells */,
			);
			path = MainScreen;
			sourceTree = "<group>";
		};
		10B7F2222C74BA2200A34C46 /* Common */ = {
			isa = PBXGroup;
			children = (
				104913842C6E2AC300806984 /* HeaderView.swift */,
				10B7F2442C77615200A34C46 /* LeftAlignedCollectionViewFlowLayout.swift */,
				10B286FD2C6EAA9800171033 /* HeaderView.xib */,
				1049138A2C6E8A5200806984 /* NavigationViewController.swift */,
				104913902C6E90B400806984 /* NavigationViewController.xib */,
			);
			path = Common;
			sourceTree = "<group>";
		};
		10B7F2232C74BA5400A34C46 /* TicketScreen */ = {
			isa = PBXGroup;
			children = (
				104913862C6E885200806984 /* TicketsViewController.swift */,
				1049138E2C6E8C9000806984 /* TicketsViewController.xib */,
			);
			path = TicketScreen;
			sourceTree = "<group>";
		};
		10B7F2242C74BA8E00A34C46 /* FavouritesScreen */ = {
			isa = PBXGroup;
			children = (
				104913882C6E88E800806984 /* FavouritesViewController.swift */,
				1049138C2C6E8C1000806984 /* FavouritesViewController.xib */,
			);
			path = FavouritesScreen;
			sourceTree = "<group>";
		};
		10B7F2312C7601CA00A34C46 /* Coordinators */ = {
			isa = PBXGroup;
			children = (
				10B7F2322C7601F900A34C46 /* AppCoordinator.swift */,
				10B7F2342C76022A00A34C46 /* HomeScreenCoordinator.swift */,
				10B7F2362C7608A300A34C46 /* CoordinatorProtocol.swift */,
			);
			path = Coordinators;
			sourceTree = "<group>";
		};
		10B7F23A2C76191E00A34C46 /* DetailsView */ = {
			isa = PBXGroup;
			children = (
				10B7F2382C76182300A34C46 /* DetailsViewController.swift */,
				10C712672C8B2F73001405EF /* ActorCollectionViewCell.swift */,
				10C712652C7DEBF1001405EF /* ViewModel */,
				10C712662C7DEC2A001405EF /* Model */,
			);
			path = DetailsView;
			sourceTree = "<group>";
		};
		10B7F23F2C7760A300A34C46 /* Extensions */ = {
			isa = PBXGroup;
			children = (
				10B7F23D2C775F1F00A34C46 /* UIView+Nib.swift */,
				1027F0762C9C368300CFD3BF /* Data+Json.swift */,
				10B7F2402C7760CA00A34C46 /* UITableViewCell+Identifier.swift */,
				10B7F2422C7760D400A34C46 /* UICollectionViewCell+Identifier.swift */,
				106A3E8C2C8F236D00CBC9C7 /* UIView+Extension.swift */,
			);
			path = Extensions;
			sourceTree = "<group>";
		};
		10B9BB802C6BA2E700224B55 = {
			isa = PBXGroup;
			children = (
				10B9BB8B2C6BA2E700224B55 /* Kino */,
				10B9BBA22C6BA2E900224B55 /* KinoTests */,
				10B9BBAC2C6BA2E900224B55 /* KinoUITests */,
				10B9BB8A2C6BA2E700224B55 /* Products */,
			);
			sourceTree = "<group>";
		};
		10B9BB8A2C6BA2E700224B55 /* Products */ = {
			isa = PBXGroup;
			children = (
				10B9BB892C6BA2E700224B55 /* Kino.app */,
				10B9BB9F2C6BA2E900224B55 /* KinoTests.xctest */,
				10B9BBA92C6BA2E900224B55 /* KinoUITests.xctest */,
			);
			name = Products;
			sourceTree = "<group>";
		};
		10B9BB8B2C6BA2E700224B55 /* Kino */ = {
			isa = PBXGroup;
			children = (
				10B9BB8C2C6BA2E700224B55 /* AppDelegate.swift */,
				104913772C6CF88700806984 /* MainScreen */,
				10B9BB952C6BA2E900224B55 /* Assets.xcassets */,
				10B9BB972C6BA2E900224B55 /* LaunchScreen.storyboard */,
				10B9BB9A2C6BA2E900224B55 /* Info.plist */,
			);
			path = Kino;
			sourceTree = "<group>";
		};
		10B9BBA22C6BA2E900224B55 /* KinoTests */ = {
			isa = PBXGroup;
			children = (
				10B9BBA32C6BA2E900224B55 /* KinoTests.swift */,
			);
			path = KinoTests;
			sourceTree = "<group>";
		};
		10B9BBAC2C6BA2E900224B55 /* KinoUITests */ = {
			isa = PBXGroup;
			children = (
				10B9BBAD2C6BA2E900224B55 /* KinoUITests.swift */,
				10B9BBAF2C6BA2E900224B55 /* KinoUITestsLaunchTests.swift */,
			);
			path = KinoUITests;
			sourceTree = "<group>";
		};
		10C712652C7DEBF1001405EF /* ViewModel */ = {
			isa = PBXGroup;
			children = (
				10C7125F2C7DE4AD001405EF /* DetailsViewModel.swift */,
				1027F0702C9C10B300CFD3BF /* DetailsScreenInteractor.swift */,
			);
			path = ViewModel;
			sourceTree = "<group>";
		};
		10C712662C7DEC2A001405EF /* Model */ = {
			isa = PBXGroup;
			children = (
				10C712612C7DE7BB001405EF /* MovieDetailedInfo.swift */,
				10C712632C7DE7DE001405EF /* Actor.swift */,
			);
			path = Model;
			sourceTree = "<group>";
		};
/* End PBXGroup section */

/* Begin PBXNativeTarget section */
		10B9BB882C6BA2E700224B55 /* Kino */ = {
			isa = PBXNativeTarget;
			buildConfigurationList = 10B9BBB32C6BA2E900224B55 /* Build configuration list for PBXNativeTarget "Kino" */;
			buildPhases = (
				10B9BB852C6BA2E700224B55 /* Sources */,
				10B9BB862C6BA2E700224B55 /* Frameworks */,
				10B9BB872C6BA2E700224B55 /* Resources */,
			);
			buildRules = (
			);
			dependencies = (
			);
			name = Kino;
			productName = Kino;
			productReference = 10B9BB892C6BA2E700224B55 /* Kino.app */;
			productType = "com.apple.product-type.application";
		};
		10B9BB9E2C6BA2E900224B55 /* KinoTests */ = {
			isa = PBXNativeTarget;
			buildConfigurationList = 10B9BBB62C6BA2E900224B55 /* Build configuration list for PBXNativeTarget "KinoTests" */;
			buildPhases = (
				10B9BB9B2C6BA2E900224B55 /* Sources */,
				10B9BB9C2C6BA2E900224B55 /* Frameworks */,
				10B9BB9D2C6BA2E900224B55 /* Resources */,
			);
			buildRules = (
			);
			dependencies = (
				10B9BBA12C6BA2E900224B55 /* PBXTargetDependency */,
			);
			name = KinoTests;
			productName = KinoTests;
			productReference = 10B9BB9F2C6BA2E900224B55 /* KinoTests.xctest */;
			productType = "com.apple.product-type.bundle.unit-test";
		};
		10B9BBA82C6BA2E900224B55 /* KinoUITests */ = {
			isa = PBXNativeTarget;
			buildConfigurationList = 10B9BBB92C6BA2E900224B55 /* Build configuration list for PBXNativeTarget "KinoUITests" */;
			buildPhases = (
				10B9BBA52C6BA2E900224B55 /* Sources */,
				10B9BBA62C6BA2E900224B55 /* Frameworks */,
				10B9BBA72C6BA2E900224B55 /* Resources */,
			);
			buildRules = (
			);
			dependencies = (
				10B9BBAB2C6BA2E900224B55 /* PBXTargetDependency */,
			);
			name = KinoUITests;
			productName = KinoUITests;
			productReference = 10B9BBA92C6BA2E900224B55 /* KinoUITests.xctest */;
			productType = "com.apple.product-type.bundle.ui-testing";
		};
/* End PBXNativeTarget section */

/* Begin PBXProject section */
		10B9BB812C6BA2E700224B55 /* Project object */ = {
			isa = PBXProject;
			attributes = {
				BuildIndependentTargetsInParallel = 1;
				LastSwiftUpdateCheck = 1540;
				LastUpgradeCheck = 1540;
				TargetAttributes = {
					10B9BB882C6BA2E700224B55 = {
						CreatedOnToolsVersion = 15.4;
					};
					10B9BB9E2C6BA2E900224B55 = {
						CreatedOnToolsVersion = 15.4;
						TestTargetID = 10B9BB882C6BA2E700224B55;
					};
					10B9BBA82C6BA2E900224B55 = {
						CreatedOnToolsVersion = 15.4;
						TestTargetID = 10B9BB882C6BA2E700224B55;
					};
				};
			};
			buildConfigurationList = 10B9BB842C6BA2E700224B55 /* Build configuration list for PBXProject "Kino" */;
			compatibilityVersion = "Xcode 14.0";
			developmentRegion = en;
			hasScannedForEncodings = 0;
			knownRegions = (
				en,
				Base,
			);
			mainGroup = 10B9BB802C6BA2E700224B55;
			productRefGroup = 10B9BB8A2C6BA2E700224B55 /* Products */;
			projectDirPath = "";
			projectRoot = "";
			targets = (
				10B9BB882C6BA2E700224B55 /* Kino */,
				10B9BB9E2C6BA2E900224B55 /* KinoTests */,
				10B9BBA82C6BA2E900224B55 /* KinoUITests */,
			);
		};
/* End PBXProject section */

/* Begin PBXResourcesBuildPhase section */
		10B9BB872C6BA2E700224B55 /* Resources */ = {
			isa = PBXResourcesBuildPhase;
			buildActionMask = 2147483647;
			files = (
				104913912C6E90B400806984 /* NavigationViewController.xib in Resources */,
				10B7F21A2C7392C400A34C46 /* PopularTableViewCell.xib in Resources */,
				10B7F21F2C74B69C00A34C46 /* GenreCollectionViewCell.xib in Resources */,
				10B9BB962C6BA2E900224B55 /* Assets.xcassets in Resources */,
				1049138D2C6E8C1000806984 /* FavouritesViewController.xib in Resources */,
				1049138F2C6E8C9000806984 /* TicketsViewController.xib in Resources */,
				10B9BB992C6BA2E900224B55 /* Base in Resources */,
				1049137F2C6E26A800806984 /* MainViewController.xib in Resources */,
				10B7F2162C73584000A34C46 /* NowShowingCollectionViewCell.xib in Resources */,
				10B286FE2C6EAA9800171033 /* HeaderView.xib in Resources */,
			);
			runOnlyForDeploymentPostprocessing = 0;
		};
		10B9BB9D2C6BA2E900224B55 /* Resources */ = {
			isa = PBXResourcesBuildPhase;
			buildActionMask = 2147483647;
			files = (
				104913922C6E93D800806984 /* MainViewController.xib in Resources */,
			);
			runOnlyForDeploymentPostprocessing = 0;
		};
		10B9BBA72C6BA2E900224B55 /* Resources */ = {
			isa = PBXResourcesBuildPhase;
			buildActionMask = 2147483647;
			files = (
				104913932C6E93D900806984 /* MainViewController.xib in Resources */,
			);
			runOnlyForDeploymentPostprocessing = 0;
		};
/* End PBXResourcesBuildPhase section */

/* Begin PBXSourcesBuildPhase section */
		10B9BB852C6BA2E700224B55 /* Sources */ = {
			isa = PBXSourcesBuildPhase;
			buildActionMask = 2147483647;
			files = (
				10B7F2372C7608A300A34C46 /* CoordinatorProtocol.swift in Sources */,
				10B7F2352C76022A00A34C46 /* HomeScreenCoordinator.swift in Sources */,
				10B7F2332C7601F900A34C46 /* AppCoordinator.swift in Sources */,
				104913892C6E88E800806984 /* FavouritesViewController.swift in Sources */,
				1082D2E92C908A3A00AFE6A6 /* NetworkingError.swift in Sources */,
				1027F06F2C9AE78600CFD3BF /* MainScreenInteractor.swift in Sources */,
				10C712682C8B2F73001405EF /* ActorCollectionViewCell.swift in Sources */,
				10B7F2412C7760CA00A34C46 /* UITableViewCell+Identifier.swift in Sources */,
				10B7F21B2C7392C400A34C46 /* PopularTableViewCell.swift in Sources */,
				10C712622C7DE7BB001405EF /* MovieDetailedInfo.swift in Sources */,
				10B7F2172C73584000A34C46 /* NowShowingCollectionViewCell.swift in Sources */,
				1027F06D2C99901A00CFD3BF /* PopularMovie.swift in Sources */,
				1082D2E72C905CE700AFE6A6 /* APIManager.swift in Sources */,
				10C712642C7DE7DE001405EF /* Actor.swift in Sources */,
				1027F0712C9C10B300CFD3BF /* DetailsScreenInteractor.swift in Sources */,
				10B7F2432C7760D400A34C46 /* UICollectionViewCell+Identifier.swift in Sources */,
				10B7F2472C77864800A34C46 /* MainScreenViewModel.swift in Sources */,
				1027F0752C9C1E0000CFD3BF /* ApiManager+DetailsScreen.swift in Sources */,
				1027F0772C9C368300CFD3BF /* Data+Json.swift in Sources */,
				1027F06B2C998FEA00CFD3BF /* NowShowingMovie.swift in Sources */,
				104913852C6E2AC300806984 /* HeaderView.swift in Sources */,
				10C712602C7DE4AD001405EF /* DetailsViewModel.swift in Sources */,
				104913872C6E885200806984 /* TicketsViewController.swift in Sources */,
				10B7F2452C77615200A34C46 /* LeftAlignedCollectionViewFlowLayout.swift in Sources */,
				106A3E8D2C8F236D00CBC9C7 /* UIView+Extension.swift in Sources */,
				10B9BB8D2C6BA2E700224B55 /* AppDelegate.swift in Sources */,
				10B7F23E2C775F1F00A34C46 /* UIView+Nib.swift in Sources */,
				1027F0732C9C15B500CFD3BF /* ApiManager+MainScreen.swift in Sources */,
				1049138B2C6E8A5200806984 /* NavigationViewController.swift in Sources */,
				10B7F21E2C74B69C00A34C46 /* GenreCollectionViewCell.swift in Sources */,
				104913812C6E28DF00806984 /* MainViewController.swift in Sources */,
				10B7F2392C76182300A34C46 /* DetailsViewController.swift in Sources */,
			);
			runOnlyForDeploymentPostprocessing = 0;
		};
		10B9BB9B2C6BA2E900224B55 /* Sources */ = {
			isa = PBXSourcesBuildPhase;
			buildActionMask = 2147483647;
			files = (
				10B9BBA42C6BA2E900224B55 /* KinoTests.swift in Sources */,
			);
			runOnlyForDeploymentPostprocessing = 0;
		};
		10B9BBA52C6BA2E900224B55 /* Sources */ = {
			isa = PBXSourcesBuildPhase;
			buildActionMask = 2147483647;
			files = (
				10B9BBAE2C6BA2E900224B55 /* KinoUITests.swift in Sources */,
				10B9BBB02C6BA2E900224B55 /* KinoUITestsLaunchTests.swift in Sources */,
			);
			runOnlyForDeploymentPostprocessing = 0;
		};
/* End PBXSourcesBuildPhase section */

/* Begin PBXTargetDependency section */
		10B9BBA12C6BA2E900224B55 /* PBXTargetDependency */ = {
			isa = PBXTargetDependency;
			target = 10B9BB882C6BA2E700224B55 /* Kino */;
			targetProxy = 10B9BBA02C6BA2E900224B55 /* PBXContainerItemProxy */;
		};
		10B9BBAB2C6BA2E900224B55 /* PBXTargetDependency */ = {
			isa = PBXTargetDependency;
			target = 10B9BB882C6BA2E700224B55 /* Kino */;
			targetProxy = 10B9BBAA2C6BA2E900224B55 /* PBXContainerItemProxy */;
		};
/* End PBXTargetDependency section */

/* Begin PBXVariantGroup section */
		10B9BB972C6BA2E900224B55 /* LaunchScreen.storyboard */ = {
			isa = PBXVariantGroup;
			children = (
				10B9BB982C6BA2E900224B55 /* Base */,
			);
			name = LaunchScreen.storyboard;
			sourceTree = "<group>";
		};
/* End PBXVariantGroup section */

/* Begin XCBuildConfiguration section */
		10B9BBB12C6BA2E900224B55 /* Debug */ = {
			isa = XCBuildConfiguration;
			buildSettings = {
				ALWAYS_SEARCH_USER_PATHS = NO;
				ASSETCATALOG_COMPILER_GENERATE_SWIFT_ASSET_SYMBOL_EXTENSIONS = YES;
				CLANG_ANALYZER_NONNULL = YES;
				CLANG_ANALYZER_NUMBER_OBJECT_CONVERSION = YES_AGGRESSIVE;
				CLANG_CXX_LANGUAGE_STANDARD = "gnu++20";
				CLANG_ENABLE_MODULES = YES;
				CLANG_ENABLE_OBJC_ARC = YES;
				CLANG_ENABLE_OBJC_WEAK = YES;
				CLANG_WARN_BLOCK_CAPTURE_AUTORELEASING = YES;
				CLANG_WARN_BOOL_CONVERSION = YES;
				CLANG_WARN_COMMA = YES;
				CLANG_WARN_CONSTANT_CONVERSION = YES;
				CLANG_WARN_DEPRECATED_OBJC_IMPLEMENTATIONS = YES;
				CLANG_WARN_DIRECT_OBJC_ISA_USAGE = YES_ERROR;
				CLANG_WARN_DOCUMENTATION_COMMENTS = YES;
				CLANG_WARN_EMPTY_BODY = YES;
				CLANG_WARN_ENUM_CONVERSION = YES;
				CLANG_WARN_INFINITE_RECURSION = YES;
				CLANG_WARN_INT_CONVERSION = YES;
				CLANG_WARN_NON_LITERAL_NULL_CONVERSION = YES;
				CLANG_WARN_OBJC_IMPLICIT_RETAIN_SELF = YES;
				CLANG_WARN_OBJC_LITERAL_CONVERSION = YES;
				CLANG_WARN_OBJC_ROOT_CLASS = YES_ERROR;
				CLANG_WARN_QUOTED_INCLUDE_IN_FRAMEWORK_HEADER = YES;
				CLANG_WARN_RANGE_LOOP_ANALYSIS = YES;
				CLANG_WARN_STRICT_PROTOTYPES = YES;
				CLANG_WARN_SUSPICIOUS_MOVE = YES;
				CLANG_WARN_UNGUARDED_AVAILABILITY = YES_AGGRESSIVE;
				CLANG_WARN_UNREACHABLE_CODE = YES;
				CLANG_WARN__DUPLICATE_METHOD_MATCH = YES;
				COPY_PHASE_STRIP = NO;
				DEBUG_INFORMATION_FORMAT = dwarf;
				ENABLE_STRICT_OBJC_MSGSEND = YES;
				ENABLE_TESTABILITY = YES;
				ENABLE_USER_SCRIPT_SANDBOXING = YES;
				GCC_C_LANGUAGE_STANDARD = gnu17;
				GCC_DYNAMIC_NO_PIC = NO;
				GCC_NO_COMMON_BLOCKS = YES;
				GCC_OPTIMIZATION_LEVEL = 0;
				GCC_PREPROCESSOR_DEFINITIONS = (
					"DEBUG=1",
					"$(inherited)",
				);
				GCC_WARN_64_TO_32_BIT_CONVERSION = YES;
				GCC_WARN_ABOUT_RETURN_TYPE = YES_ERROR;
				GCC_WARN_UNDECLARED_SELECTOR = YES;
				GCC_WARN_UNINITIALIZED_AUTOS = YES_AGGRESSIVE;
				GCC_WARN_UNUSED_FUNCTION = YES;
				GCC_WARN_UNUSED_VARIABLE = YES;
				IPHONEOS_DEPLOYMENT_TARGET = 17.5;
				LOCALIZATION_PREFERS_STRING_CATALOGS = YES;
				MTL_ENABLE_DEBUG_INFO = INCLUDE_SOURCE;
				MTL_FAST_MATH = YES;
				ONLY_ACTIVE_ARCH = YES;
				SDKROOT = iphoneos;
				SWIFT_ACTIVE_COMPILATION_CONDITIONS = "DEBUG $(inherited)";
				SWIFT_OPTIMIZATION_LEVEL = "-Onone";
			};
			name = Debug;
		};
		10B9BBB22C6BA2E900224B55 /* Release */ = {
			isa = XCBuildConfiguration;
			buildSettings = {
				ALWAYS_SEARCH_USER_PATHS = NO;
				ASSETCATALOG_COMPILER_GENERATE_SWIFT_ASSET_SYMBOL_EXTENSIONS = YES;
				CLANG_ANALYZER_NONNULL = YES;
				CLANG_ANALYZER_NUMBER_OBJECT_CONVERSION = YES_AGGRESSIVE;
				CLANG_CXX_LANGUAGE_STANDARD = "gnu++20";
				CLANG_ENABLE_MODULES = YES;
				CLANG_ENABLE_OBJC_ARC = YES;
				CLANG_ENABLE_OBJC_WEAK = YES;
				CLANG_WARN_BLOCK_CAPTURE_AUTORELEASING = YES;
				CLANG_WARN_BOOL_CONVERSION = YES;
				CLANG_WARN_COMMA = YES;
				CLANG_WARN_CONSTANT_CONVERSION = YES;
				CLANG_WARN_DEPRECATED_OBJC_IMPLEMENTATIONS = YES;
				CLANG_WARN_DIRECT_OBJC_ISA_USAGE = YES_ERROR;
				CLANG_WARN_DOCUMENTATION_COMMENTS = YES;
				CLANG_WARN_EMPTY_BODY = YES;
				CLANG_WARN_ENUM_CONVERSION = YES;
				CLANG_WARN_INFINITE_RECURSION = YES;
				CLANG_WARN_INT_CONVERSION = YES;
				CLANG_WARN_NON_LITERAL_NULL_CONVERSION = YES;
				CLANG_WARN_OBJC_IMPLICIT_RETAIN_SELF = YES;
				CLANG_WARN_OBJC_LITERAL_CONVERSION = YES;
				CLANG_WARN_OBJC_ROOT_CLASS = YES_ERROR;
				CLANG_WARN_QUOTED_INCLUDE_IN_FRAMEWORK_HEADER = YES;
				CLANG_WARN_RANGE_LOOP_ANALYSIS = YES;
				CLANG_WARN_STRICT_PROTOTYPES = YES;
				CLANG_WARN_SUSPICIOUS_MOVE = YES;
				CLANG_WARN_UNGUARDED_AVAILABILITY = YES_AGGRESSIVE;
				CLANG_WARN_UNREACHABLE_CODE = YES;
				CLANG_WARN__DUPLICATE_METHOD_MATCH = YES;
				COPY_PHASE_STRIP = NO;
				DEBUG_INFORMATION_FORMAT = "dwarf-with-dsym";
				ENABLE_NS_ASSERTIONS = NO;
				ENABLE_STRICT_OBJC_MSGSEND = YES;
				ENABLE_USER_SCRIPT_SANDBOXING = YES;
				GCC_C_LANGUAGE_STANDARD = gnu17;
				GCC_NO_COMMON_BLOCKS = YES;
				GCC_WARN_64_TO_32_BIT_CONVERSION = YES;
				GCC_WARN_ABOUT_RETURN_TYPE = YES_ERROR;
				GCC_WARN_UNDECLARED_SELECTOR = YES;
				GCC_WARN_UNINITIALIZED_AUTOS = YES_AGGRESSIVE;
				GCC_WARN_UNUSED_FUNCTION = YES;
				GCC_WARN_UNUSED_VARIABLE = YES;
				IPHONEOS_DEPLOYMENT_TARGET = 17.5;
				LOCALIZATION_PREFERS_STRING_CATALOGS = YES;
				MTL_ENABLE_DEBUG_INFO = NO;
				MTL_FAST_MATH = YES;
				SDKROOT = iphoneos;
				SWIFT_COMPILATION_MODE = wholemodule;
				VALIDATE_PRODUCT = YES;
			};
			name = Release;
		};
		10B9BBB42C6BA2E900224B55 /* Debug */ = {
			isa = XCBuildConfiguration;
			buildSettings = {
				ASSETCATALOG_COMPILER_APPICON_NAME = AppIcon;
				ASSETCATALOG_COMPILER_GLOBAL_ACCENT_COLOR_NAME = AccentColor;
				CODE_SIGN_IDENTITY = "Apple Development";
				CODE_SIGN_STYLE = Automatic;
				CURRENT_PROJECT_VERSION = 1;
				DEVELOPMENT_TEAM = "";
				GENERATE_INFOPLIST_FILE = YES;
				INFOPLIST_FILE = Kino/Info.plist;
				INFOPLIST_KEY_UIApplicationSupportsIndirectInputEvents = YES;
				INFOPLIST_KEY_UILaunchStoryboardName = LaunchScreen;
				INFOPLIST_KEY_UISupportedInterfaceOrientations_iPad = "UIInterfaceOrientationPortrait UIInterfaceOrientationPortraitUpsideDown UIInterfaceOrientationLandscapeLeft UIInterfaceOrientationLandscapeRight";
				INFOPLIST_KEY_UISupportedInterfaceOrientations_iPhone = "UIInterfaceOrientationPortrait UIInterfaceOrientationLandscapeLeft UIInterfaceOrientationLandscapeRight";
				LD_RUNPATH_SEARCH_PATHS = (
					"$(inherited)",
					"@executable_path/Frameworks",
				);
				MARKETING_VERSION = 1.0;
				PRODUCT_BUNDLE_IDENTIFIER = me.Kino;
				PRODUCT_NAME = "$(TARGET_NAME)";
				PROVISIONING_PROFILE_SPECIFIER = "";
				SWIFT_EMIT_LOC_STRINGS = YES;
				SWIFT_VERSION = 5.0;
				TARGETED_DEVICE_FAMILY = "1,2";
			};
			name = Debug;
		};
		10B9BBB52C6BA2E900224B55 /* Release */ = {
			isa = XCBuildConfiguration;
			buildSettings = {
				ASSETCATALOG_COMPILER_APPICON_NAME = AppIcon;
				ASSETCATALOG_COMPILER_GLOBAL_ACCENT_COLOR_NAME = AccentColor;
				CODE_SIGN_IDENTITY = "Apple Development";
				CODE_SIGN_STYLE = Automatic;
				CURRENT_PROJECT_VERSION = 1;
				DEVELOPMENT_TEAM = "";
				GENERATE_INFOPLIST_FILE = YES;
				INFOPLIST_FILE = Kino/Info.plist;
				INFOPLIST_KEY_UIApplicationSupportsIndirectInputEvents = YES;
				INFOPLIST_KEY_UILaunchStoryboardName = LaunchScreen;
				INFOPLIST_KEY_UISupportedInterfaceOrientations_iPad = "UIInterfaceOrientationPortrait UIInterfaceOrientationPortraitUpsideDown UIInterfaceOrientationLandscapeLeft UIInterfaceOrientationLandscapeRight";
				INFOPLIST_KEY_UISupportedInterfaceOrientations_iPhone = "UIInterfaceOrientationPortrait UIInterfaceOrientationLandscapeLeft UIInterfaceOrientationLandscapeRight";
				LD_RUNPATH_SEARCH_PATHS = (
					"$(inherited)",
					"@executable_path/Frameworks",
				);
				MARKETING_VERSION = 1.0;
				PRODUCT_BUNDLE_IDENTIFIER = me.Kino;
				PRODUCT_NAME = "$(TARGET_NAME)";
				PROVISIONING_PROFILE_SPECIFIER = "";
				SWIFT_EMIT_LOC_STRINGS = YES;
				SWIFT_VERSION = 5.0;
				TARGETED_DEVICE_FAMILY = "1,2";
			};
			name = Release;
		};
		10B9BBB72C6BA2E900224B55 /* Debug */ = {
			isa = XCBuildConfiguration;
			buildSettings = {
				ALWAYS_EMBED_SWIFT_STANDARD_LIBRARIES = YES;
				BUNDLE_LOADER = "$(TEST_HOST)";
				CODE_SIGN_STYLE = Automatic;
				CURRENT_PROJECT_VERSION = 1;
				GENERATE_INFOPLIST_FILE = YES;
				IPHONEOS_DEPLOYMENT_TARGET = 17.5;
				MARKETING_VERSION = 1.0;
				PRODUCT_BUNDLE_IDENTIFIER = me.KinoTests;
				PRODUCT_NAME = "$(TARGET_NAME)";
				SWIFT_EMIT_LOC_STRINGS = NO;
				SWIFT_VERSION = 5.0;
				TARGETED_DEVICE_FAMILY = "1,2";
				TEST_HOST = "$(BUILT_PRODUCTS_DIR)/Kino.app/$(BUNDLE_EXECUTABLE_FOLDER_PATH)/Kino";
			};
			name = Debug;
		};
		10B9BBB82C6BA2E900224B55 /* Release */ = {
			isa = XCBuildConfiguration;
			buildSettings = {
				ALWAYS_EMBED_SWIFT_STANDARD_LIBRARIES = YES;
				BUNDLE_LOADER = "$(TEST_HOST)";
				CODE_SIGN_STYLE = Automatic;
				CURRENT_PROJECT_VERSION = 1;
				GENERATE_INFOPLIST_FILE = YES;
				IPHONEOS_DEPLOYMENT_TARGET = 17.5;
				MARKETING_VERSION = 1.0;
				PRODUCT_BUNDLE_IDENTIFIER = me.KinoTests;
				PRODUCT_NAME = "$(TARGET_NAME)";
				SWIFT_EMIT_LOC_STRINGS = NO;
				SWIFT_VERSION = 5.0;
				TARGETED_DEVICE_FAMILY = "1,2";
				TEST_HOST = "$(BUILT_PRODUCTS_DIR)/Kino.app/$(BUNDLE_EXECUTABLE_FOLDER_PATH)/Kino";
			};
			name = Release;
		};
		10B9BBBA2C6BA2E900224B55 /* Debug */ = {
			isa = XCBuildConfiguration;
			buildSettings = {
				ALWAYS_EMBED_SWIFT_STANDARD_LIBRARIES = YES;
				CODE_SIGN_STYLE = Automatic;
				CURRENT_PROJECT_VERSION = 1;
				GENERATE_INFOPLIST_FILE = YES;
				MARKETING_VERSION = 1.0;
				PRODUCT_BUNDLE_IDENTIFIER = me.KinoUITests;
				PRODUCT_NAME = "$(TARGET_NAME)";
				SWIFT_EMIT_LOC_STRINGS = NO;
				SWIFT_VERSION = 5.0;
				TARGETED_DEVICE_FAMILY = "1,2";
				TEST_TARGET_NAME = Kino;
			};
			name = Debug;
		};
		10B9BBBB2C6BA2E900224B55 /* Release */ = {
			isa = XCBuildConfiguration;
			buildSettings = {
				ALWAYS_EMBED_SWIFT_STANDARD_LIBRARIES = YES;
				CODE_SIGN_STYLE = Automatic;
				CURRENT_PROJECT_VERSION = 1;
				GENERATE_INFOPLIST_FILE = YES;
				MARKETING_VERSION = 1.0;
				PRODUCT_BUNDLE_IDENTIFIER = me.KinoUITests;
				PRODUCT_NAME = "$(TARGET_NAME)";
				SWIFT_EMIT_LOC_STRINGS = NO;
				SWIFT_VERSION = 5.0;
				TARGETED_DEVICE_FAMILY = "1,2";
				TEST_TARGET_NAME = Kino;
			};
			name = Release;
		};
/* End XCBuildConfiguration section */

/* Begin XCConfigurationList section */
		10B9BB842C6BA2E700224B55 /* Build configuration list for PBXProject "Kino" */ = {
			isa = XCConfigurationList;
			buildConfigurations = (
				10B9BBB12C6BA2E900224B55 /* Debug */,
				10B9BBB22C6BA2E900224B55 /* Release */,
			);
			defaultConfigurationIsVisible = 0;
			defaultConfigurationName = Release;
		};
		10B9BBB32C6BA2E900224B55 /* Build configuration list for PBXNativeTarget "Kino" */ = {
			isa = XCConfigurationList;
			buildConfigurations = (
				10B9BBB42C6BA2E900224B55 /* Debug */,
				10B9BBB52C6BA2E900224B55 /* Release */,
			);
			defaultConfigurationIsVisible = 0;
			defaultConfigurationName = Release;
		};
		10B9BBB62C6BA2E900224B55 /* Build configuration list for PBXNativeTarget "KinoTests" */ = {
			isa = XCConfigurationList;
			buildConfigurations = (
				10B9BBB72C6BA2E900224B55 /* Debug */,
				10B9BBB82C6BA2E900224B55 /* Release */,
			);
			defaultConfigurationIsVisible = 0;
			defaultConfigurationName = Release;
		};
		10B9BBB92C6BA2E900224B55 /* Build configuration list for PBXNativeTarget "KinoUITests" */ = {
			isa = XCConfigurationList;
			buildConfigurations = (
				10B9BBBA2C6BA2E900224B55 /* Debug */,
				10B9BBBB2C6BA2E900224B55 /* Release */,
			);
			defaultConfigurationIsVisible = 0;
			defaultConfigurationName = Release;
		};
/* End XCConfigurationList section */
	};
	rootObject = 10B9BB812C6BA2E700224B55 /* Project object */;
}
